// !$*UTF8*$!
{
	archiveVersion = 1;
	classes = {
	};
	objectVersion = 56;
	objects = {

/* Begin PBXBuildFile section */
		C754D29C2BAD809300DAC4F8 /* AppDelegate.swift in Sources */ = {isa = PBXBuildFile; fileRef = C754D29B2BAD809300DAC4F8 /* AppDelegate.swift */; };
		C754D29E2BAD809300DAC4F8 /* SceneDelegate.swift in Sources */ = {isa = PBXBuildFile; fileRef = C754D29D2BAD809300DAC4F8 /* SceneDelegate.swift */; };
		C754D2A02BAD809300DAC4F8 /* WeatherViewController.swift in Sources */ = {isa = PBXBuildFile; fileRef = C754D29F2BAD809300DAC4F8 /* WeatherViewController.swift */; };
		C754D2A52BAD809400DAC4F8 /* Assets.xcassets in Resources */ = {isa = PBXBuildFile; fileRef = C754D2A42BAD809400DAC4F8 /* Assets.xcassets */; };
		C754D2A82BAD809400DAC4F8 /* Base in Resources */ = {isa = PBXBuildFile; fileRef = C754D2A72BAD809400DAC4F8 /* Base */; };
		C7A452D42BADAF5A0058D979 /* NetworkManager.swift in Sources */ = {isa = PBXBuildFile; fileRef = C7A452D32BADAF5A0058D979 /* NetworkManager.swift */; };
		C7A452D62BADB6C10058D979 /* Static.swift in Sources */ = {isa = PBXBuildFile; fileRef = C7A452D52BADB6C10058D979 /* Static.swift */; };
		C7A452D82BADB9A20058D979 /* WeatherModel.swift in Sources */ = {isa = PBXBuildFile; fileRef = C7A452D72BADB9A20058D979 /* WeatherModel.swift */; };
		C7A452DC2BADDA5F0058D979 /* APIErrors.swift in Sources */ = {isa = PBXBuildFile; fileRef = C7A452DB2BADDA5F0058D979 /* APIErrors.swift */; };
		C7A452E12BADDAD70058D979 /* NetworkServiceProtocol.swift in Sources */ = {isa = PBXBuildFile; fileRef = C7A452E02BADDAD70058D979 /* NetworkServiceProtocol.swift */; };
		C7A452E62BADE2C20058D979 /* WeatherViewModel.swift in Sources */ = {isa = PBXBuildFile; fileRef = C7A452E52BADE2C20058D979 /* WeatherViewModel.swift */; };
		C7A452E82BADF0DE0058D979 /* RequestType.swift in Sources */ = {isa = PBXBuildFile; fileRef = C7A452E72BADF0DE0058D979 /* RequestType.swift */; };
		C7A452EA2BADFBAF0058D979 /* Extension + Int.swift in Sources */ = {isa = PBXBuildFile; fileRef = C7A452E92BADFBAF0058D979 /* Extension + Int.swift */; };
		C7A452EC2BAF0B0C0058D979 /* CurrentWeatherView.swift in Sources */ = {isa = PBXBuildFile; fileRef = C7A452EB2BAF0B0C0058D979 /* CurrentWeatherView.swift */; };
		C7A452EE2BAF32FE0058D979 /* InfoWeatherView.swift in Sources */ = {isa = PBXBuildFile; fileRef = C7A452ED2BAF32FE0058D979 /* InfoWeatherView.swift */; };
		C7A452F22BAF5A0A0058D979 /* ForecastTableView.swift in Sources */ = {isa = PBXBuildFile; fileRef = C7A452F12BAF5A0A0058D979 /* ForecastTableView.swift */; };
		C7A452F42BAF5A1E0058D979 /* ForecastTableViewCell.swift in Sources */ = {isa = PBXBuildFile; fileRef = C7A452F32BAF5A1E0058D979 /* ForecastTableViewCell.swift */; };
		C7A452F62BB06EB60058D979 /* SearchCityViewController.swift in Sources */ = {isa = PBXBuildFile; fileRef = C7A452F52BB06EB60058D979 /* SearchCityViewController.swift */; };
		C7A452FA2BB070A10058D979 /* SearchResultsTableView.swift in Sources */ = {isa = PBXBuildFile; fileRef = C7A452F92BB070A10058D979 /* SearchResultsTableView.swift */; };
		C7A452FC2BB070B20058D979 /* SearchTableViewCell.swift in Sources */ = {isa = PBXBuildFile; fileRef = C7A452FB2BB070B20058D979 /* SearchTableViewCell.swift */; };
/* End PBXBuildFile section */

/* Begin PBXFileReference section */
		C754D2982BAD809300DAC4F8 /* VKWeather.app */ = {isa = PBXFileReference; explicitFileType = wrapper.application; includeInIndex = 0; path = VKWeather.app; sourceTree = BUILT_PRODUCTS_DIR; };
		C754D29B2BAD809300DAC4F8 /* AppDelegate.swift */ = {isa = PBXFileReference; lastKnownFileType = sourcecode.swift; path = AppDelegate.swift; sourceTree = "<group>"; };
		C754D29D2BAD809300DAC4F8 /* SceneDelegate.swift */ = {isa = PBXFileReference; lastKnownFileType = sourcecode.swift; path = SceneDelegate.swift; sourceTree = "<group>"; };
		C754D29F2BAD809300DAC4F8 /* WeatherViewController.swift */ = {isa = PBXFileReference; lastKnownFileType = sourcecode.swift; path = WeatherViewController.swift; sourceTree = "<group>"; };
		C754D2A42BAD809400DAC4F8 /* Assets.xcassets */ = {isa = PBXFileReference; lastKnownFileType = folder.assetcatalog; path = Assets.xcassets; sourceTree = "<group>"; };
		C754D2A72BAD809400DAC4F8 /* Base */ = {isa = PBXFileReference; lastKnownFileType = file.storyboard; name = Base; path = Base.lproj/LaunchScreen.storyboard; sourceTree = "<group>"; };
		C754D2A92BAD809400DAC4F8 /* Info.plist */ = {isa = PBXFileReference; lastKnownFileType = text.plist.xml; path = Info.plist; sourceTree = "<group>"; };
		C7A452D32BADAF5A0058D979 /* NetworkManager.swift */ = {isa = PBXFileReference; lastKnownFileType = sourcecode.swift; path = NetworkManager.swift; sourceTree = "<group>"; };
		C7A452D52BADB6C10058D979 /* Static.swift */ = {isa = PBXFileReference; lastKnownFileType = sourcecode.swift; path = Static.swift; sourceTree = "<group>"; };
		C7A452D72BADB9A20058D979 /* WeatherModel.swift */ = {isa = PBXFileReference; lastKnownFileType = sourcecode.swift; path = WeatherModel.swift; sourceTree = "<group>"; };
		C7A452DB2BADDA5F0058D979 /* APIErrors.swift */ = {isa = PBXFileReference; lastKnownFileType = sourcecode.swift; path = APIErrors.swift; sourceTree = "<group>"; };
		C7A452E02BADDAD70058D979 /* NetworkServiceProtocol.swift */ = {isa = PBXFileReference; lastKnownFileType = sourcecode.swift; path = NetworkServiceProtocol.swift; sourceTree = "<group>"; };
		C7A452E52BADE2C20058D979 /* WeatherViewModel.swift */ = {isa = PBXFileReference; lastKnownFileType = sourcecode.swift; path = WeatherViewModel.swift; sourceTree = "<group>"; };
		C7A452E72BADF0DE0058D979 /* RequestType.swift */ = {isa = PBXFileReference; lastKnownFileType = sourcecode.swift; path = RequestType.swift; sourceTree = "<group>"; };
		C7A452E92BADFBAF0058D979 /* Extension + Int.swift */ = {isa = PBXFileReference; lastKnownFileType = sourcecode.swift; path = "Extension + Int.swift"; sourceTree = "<group>"; };
		C7A452EB2BAF0B0C0058D979 /* CurrentWeatherView.swift */ = {isa = PBXFileReference; lastKnownFileType = sourcecode.swift; path = CurrentWeatherView.swift; sourceTree = "<group>"; };
		C7A452ED2BAF32FE0058D979 /* InfoWeatherView.swift */ = {isa = PBXFileReference; lastKnownFileType = sourcecode.swift; path = InfoWeatherView.swift; sourceTree = "<group>"; };
		C7A452F12BAF5A0A0058D979 /* ForecastTableView.swift */ = {isa = PBXFileReference; lastKnownFileType = sourcecode.swift; path = ForecastTableView.swift; sourceTree = "<group>"; };
		C7A452F32BAF5A1E0058D979 /* ForecastTableViewCell.swift */ = {isa = PBXFileReference; lastKnownFileType = sourcecode.swift; path = ForecastTableViewCell.swift; sourceTree = "<group>"; };
		C7A452F52BB06EB60058D979 /* SearchCityViewController.swift */ = {isa = PBXFileReference; lastKnownFileType = sourcecode.swift; path = SearchCityViewController.swift; sourceTree = "<group>"; };
		C7A452F92BB070A10058D979 /* SearchResultsTableView.swift */ = {isa = PBXFileReference; lastKnownFileType = sourcecode.swift; path = SearchResultsTableView.swift; sourceTree = "<group>"; };
		C7A452FB2BB070B20058D979 /* SearchTableViewCell.swift */ = {isa = PBXFileReference; lastKnownFileType = sourcecode.swift; path = SearchTableViewCell.swift; sourceTree = "<group>"; };
/* End PBXFileReference section */

/* Begin PBXFrameworksBuildPhase section */
		C754D2952BAD809300DAC4F8 /* Frameworks */ = {
			isa = PBXFrameworksBuildPhase;
			buildActionMask = 2147483647;
			files = (
			);
			runOnlyForDeploymentPostprocessing = 0;
		};
/* End PBXFrameworksBuildPhase section */

/* Begin PBXGroup section */
		C754D28F2BAD809300DAC4F8 = {
			isa = PBXGroup;
			children = (
				C754D29A2BAD809300DAC4F8 /* VKWeather */,
				C754D2992BAD809300DAC4F8 /* Products */,
			);
			sourceTree = "<group>";
		};
		C754D2992BAD809300DAC4F8 /* Products */ = {
			isa = PBXGroup;
			children = (
				C754D2982BAD809300DAC4F8 /* VKWeather.app */,
			);
			name = Products;
			sourceTree = "<group>";
		};
		C754D29A2BAD809300DAC4F8 /* VKWeather */ = {
			isa = PBXGroup;
			children = (
				C7A452CF2BADA0CB0058D979 /* Model */,
				C7A452D02BADA0D70058D979 /* View */,
				C7A452CE2BAD9EC20058D979 /* ViewModel */,
				C7A452D12BADA1110058D979 /* Services */,
				C7A452DF2BADDA9C0058D979 /* Protocols */,
				C7A452D22BADA1260058D979 /* Helpers */,
				C754D2A42BAD809400DAC4F8 /* Assets.xcassets */,
				C754D2A62BAD809400DAC4F8 /* LaunchScreen.storyboard */,
				C754D2A92BAD809400DAC4F8 /* Info.plist */,
			);
			path = VKWeather;
			sourceTree = "<group>";
		};
		C7A452CE2BAD9EC20058D979 /* ViewModel */ = {
			isa = PBXGroup;
			children = (
				C7A452E52BADE2C20058D979 /* WeatherViewModel.swift */,
			);
			path = ViewModel;
			sourceTree = "<group>";
		};
		C7A452CF2BADA0CB0058D979 /* Model */ = {
			isa = PBXGroup;
			children = (
				C7A452D72BADB9A20058D979 /* WeatherModel.swift */,
			);
			path = Model;
			sourceTree = "<group>";
		};
		C7A452D02BADA0D70058D979 /* View */ = {
			isa = PBXGroup;
			children = (
				C7A452F72BB070490058D979 /* WeatherVC */,
				C7A452F82BB0705C0058D979 /* SearchVC */,
			);
			path = View;
			sourceTree = "<group>";
		};
		C7A452D12BADA1110058D979 /* Services */ = {
			isa = PBXGroup;
			children = (
				C7A452DA2BADDA3A0058D979 /* APIErrors */,
				C7A452D32BADAF5A0058D979 /* NetworkManager.swift */,
			);
			path = Services;
			sourceTree = "<group>";
		};
		C7A452D22BADA1260058D979 /* Helpers */ = {
			isa = PBXGroup;
			children = (
				C7A452D52BADB6C10058D979 /* Static.swift */,
				C7A452E92BADFBAF0058D979 /* Extension + Int.swift */,
				C754D29B2BAD809300DAC4F8 /* AppDelegate.swift */,
				C754D29D2BAD809300DAC4F8 /* SceneDelegate.swift */,
			);
			path = Helpers;
			sourceTree = "<group>";
		};
		C7A452DA2BADDA3A0058D979 /* APIErrors */ = {
			isa = PBXGroup;
			children = (
				C7A452DB2BADDA5F0058D979 /* APIErrors.swift */,
				C7A452E72BADF0DE0058D979 /* RequestType.swift */,
			);
			path = APIErrors;
			sourceTree = "<group>";
		};
		C7A452DF2BADDA9C0058D979 /* Protocols */ = {
			isa = PBXGroup;
			children = (
				C7A452E02BADDAD70058D979 /* NetworkServiceProtocol.swift */,
			);
			path = Protocols;
			sourceTree = "<group>";
		};
		C7A452EF2BAF59A90058D979 /* ForecastTableView */ = {
			isa = PBXGroup;
			children = (
				C7A452F12BAF5A0A0058D979 /* ForecastTableView.swift */,
				C7A452F32BAF5A1E0058D979 /* ForecastTableViewCell.swift */,
			);
			path = ForecastTableView;
			sourceTree = "<group>";
		};
		C7A452F02BAF59C90058D979 /* WeatherComponents */ = {
			isa = PBXGroup;
			children = (
				C7A452EB2BAF0B0C0058D979 /* CurrentWeatherView.swift */,
				C7A452ED2BAF32FE0058D979 /* InfoWeatherView.swift */,
				C7A452EF2BAF59A90058D979 /* ForecastTableView */,
			);
			path = WeatherComponents;
			sourceTree = "<group>";
		};
		C7A452F72BB070490058D979 /* WeatherVC */ = {
			isa = PBXGroup;
			children = (
				C754D29F2BAD809300DAC4F8 /* WeatherViewController.swift */,
				C7A452F02BAF59C90058D979 /* WeatherComponents */,
			);
			path = WeatherVC;
			sourceTree = "<group>";
		};
		C7A452F82BB0705C0058D979 /* SearchVC */ = {
			isa = PBXGroup;
			children = (
				C7A452F52BB06EB60058D979 /* SearchCityViewController.swift */,
				C7A452F92BB070A10058D979 /* SearchResultsTableView.swift */,
				C7A452FB2BB070B20058D979 /* SearchTableViewCell.swift */,
			);
			path = SearchVC;
			sourceTree = "<group>";
		};
/* End PBXGroup section */

/* Begin PBXNativeTarget section */
		C754D2972BAD809300DAC4F8 /* VKWeather */ = {
			isa = PBXNativeTarget;
			buildConfigurationList = C754D2AC2BAD809400DAC4F8 /* Build configuration list for PBXNativeTarget "VKWeather" */;
			buildPhases = (
				C754D2942BAD809300DAC4F8 /* Sources */,
				C754D2952BAD809300DAC4F8 /* Frameworks */,
				C754D2962BAD809300DAC4F8 /* Resources */,
			);
			buildRules = (
			);
			dependencies = (
			);
			name = VKWeather;
			productName = VKWeather;
			productReference = C754D2982BAD809300DAC4F8 /* VKWeather.app */;
			productType = "com.apple.product-type.application";
		};
/* End PBXNativeTarget section */

/* Begin PBXProject section */
		C754D2902BAD809300DAC4F8 /* Project object */ = {
			isa = PBXProject;
			attributes = {
				BuildIndependentTargetsInParallel = 1;
				LastSwiftUpdateCheck = 1530;
				LastUpgradeCheck = 1530;
				TargetAttributes = {
					C754D2972BAD809300DAC4F8 = {
						CreatedOnToolsVersion = 15.3;
					};
				};
			};
			buildConfigurationList = C754D2932BAD809300DAC4F8 /* Build configuration list for PBXProject "VKWeather" */;
			compatibilityVersion = "Xcode 14.0";
			developmentRegion = en;
			hasScannedForEncodings = 0;
			knownRegions = (
				en,
				Base,
			);
			mainGroup = C754D28F2BAD809300DAC4F8;
			productRefGroup = C754D2992BAD809300DAC4F8 /* Products */;
			projectDirPath = "";
			projectRoot = "";
			targets = (
				C754D2972BAD809300DAC4F8 /* VKWeather */,
			);
		};
/* End PBXProject section */

/* Begin PBXResourcesBuildPhase section */
		C754D2962BAD809300DAC4F8 /* Resources */ = {
			isa = PBXResourcesBuildPhase;
			buildActionMask = 2147483647;
			files = (
				C754D2A52BAD809400DAC4F8 /* Assets.xcassets in Resources */,
				C754D2A82BAD809400DAC4F8 /* Base in Resources */,
			);
			runOnlyForDeploymentPostprocessing = 0;
		};
/* End PBXResourcesBuildPhase section */

/* Begin PBXSourcesBuildPhase section */
		C754D2942BAD809300DAC4F8 /* Sources */ = {
			isa = PBXSourcesBuildPhase;
			buildActionMask = 2147483647;
			files = (
				C7A452D62BADB6C10058D979 /* Static.swift in Sources */,
				C7A452E62BADE2C20058D979 /* WeatherViewModel.swift in Sources */,
				C7A452EC2BAF0B0C0058D979 /* CurrentWeatherView.swift in Sources */,
				C7A452EE2BAF32FE0058D979 /* InfoWeatherView.swift in Sources */,
				C7A452DC2BADDA5F0058D979 /* APIErrors.swift in Sources */,
				C7A452D42BADAF5A0058D979 /* NetworkManager.swift in Sources */,
				C7A452F42BAF5A1E0058D979 /* ForecastTableViewCell.swift in Sources */,
				C754D2A02BAD809300DAC4F8 /* WeatherViewController.swift in Sources */,
				C7A452E12BADDAD70058D979 /* NetworkServiceProtocol.swift in Sources */,
				C7A452FC2BB070B20058D979 /* SearchTableViewCell.swift in Sources */,
				C7A452F22BAF5A0A0058D979 /* ForecastTableView.swift in Sources */,
				C7A452F62BB06EB60058D979 /* SearchCityViewController.swift in Sources */,
				C754D29C2BAD809300DAC4F8 /* AppDelegate.swift in Sources */,
				C7A452D82BADB9A20058D979 /* WeatherModel.swift in Sources */,
				C754D29E2BAD809300DAC4F8 /* SceneDelegate.swift in Sources */,
				C7A452FA2BB070A10058D979 /* SearchResultsTableView.swift in Sources */,
				C7A452EA2BADFBAF0058D979 /* Extension + Int.swift in Sources */,
				C7A452E82BADF0DE0058D979 /* RequestType.swift in Sources */,
			);
			runOnlyForDeploymentPostprocessing = 0;
		};
/* End PBXSourcesBuildPhase section */

/* Begin PBXVariantGroup section */
		C754D2A62BAD809400DAC4F8 /* LaunchScreen.storyboard */ = {
			isa = PBXVariantGroup;
			children = (
				C754D2A72BAD809400DAC4F8 /* Base */,
			);
			name = LaunchScreen.storyboard;
			sourceTree = "<group>";
		};
/* End PBXVariantGroup section */

/* Begin XCBuildConfiguration section */
		C754D2AA2BAD809400DAC4F8 /* Debug */ = {
			isa = XCBuildConfiguration;
			buildSettings = {
				ALWAYS_SEARCH_USER_PATHS = NO;
				ASSETCATALOG_COMPILER_GENERATE_SWIFT_ASSET_SYMBOL_EXTENSIONS = YES;
				CLANG_ANALYZER_NONNULL = YES;
				CLANG_ANALYZER_NUMBER_OBJECT_CONVERSION = YES_AGGRESSIVE;
				CLANG_CXX_LANGUAGE_STANDARD = "gnu++20";
				CLANG_ENABLE_MODULES = YES;
				CLANG_ENABLE_OBJC_ARC = YES;
				CLANG_ENABLE_OBJC_WEAK = YES;
				CLANG_WARN_BLOCK_CAPTURE_AUTORELEASING = YES;
				CLANG_WARN_BOOL_CONVERSION = YES;
				CLANG_WARN_COMMA = YES;
				CLANG_WARN_CONSTANT_CONVERSION = YES;
				CLANG_WARN_DEPRECATED_OBJC_IMPLEMENTATIONS = YES;
				CLANG_WARN_DIRECT_OBJC_ISA_USAGE = YES_ERROR;
				CLANG_WARN_DOCUMENTATION_COMMENTS = YES;
				CLANG_WARN_EMPTY_BODY = YES;
				CLANG_WARN_ENUM_CONVERSION = YES;
				CLANG_WARN_INFINITE_RECURSION = YES;
				CLANG_WARN_INT_CONVERSION = YES;
				CLANG_WARN_NON_LITERAL_NULL_CONVERSION = YES;
				CLANG_WARN_OBJC_IMPLICIT_RETAIN_SELF = YES;
				CLANG_WARN_OBJC_LITERAL_CONVERSION = YES;
				CLANG_WARN_OBJC_ROOT_CLASS = YES_ERROR;
				CLANG_WARN_QUOTED_INCLUDE_IN_FRAMEWORK_HEADER = YES;
				CLANG_WARN_RANGE_LOOP_ANALYSIS = YES;
				CLANG_WARN_STRICT_PROTOTYPES = YES;
				CLANG_WARN_SUSPICIOUS_MOVE = YES;
				CLANG_WARN_UNGUARDED_AVAILABILITY = YES_AGGRESSIVE;
				CLANG_WARN_UNREACHABLE_CODE = YES;
				CLANG_WARN__DUPLICATE_METHOD_MATCH = YES;
				COPY_PHASE_STRIP = NO;
				DEBUG_INFORMATION_FORMAT = dwarf;
				ENABLE_STRICT_OBJC_MSGSEND = YES;
				ENABLE_TESTABILITY = YES;
				ENABLE_USER_SCRIPT_SANDBOXING = YES;
				GCC_C_LANGUAGE_STANDARD = gnu17;
				GCC_DYNAMIC_NO_PIC = NO;
				GCC_NO_COMMON_BLOCKS = YES;
				GCC_OPTIMIZATION_LEVEL = 0;
				GCC_PREPROCESSOR_DEFINITIONS = (
					"DEBUG=1",
					"$(inherited)",
				);
				GCC_WARN_64_TO_32_BIT_CONVERSION = YES;
				GCC_WARN_ABOUT_RETURN_TYPE = YES_ERROR;
				GCC_WARN_UNDECLARED_SELECTOR = YES;
				GCC_WARN_UNINITIALIZED_AUTOS = YES_AGGRESSIVE;
				GCC_WARN_UNUSED_FUNCTION = YES;
				GCC_WARN_UNUSED_VARIABLE = YES;
				IPHONEOS_DEPLOYMENT_TARGET = 17.4;
				LOCALIZATION_PREFERS_STRING_CATALOGS = YES;
				MTL_ENABLE_DEBUG_INFO = INCLUDE_SOURCE;
				MTL_FAST_MATH = YES;
				ONLY_ACTIVE_ARCH = YES;
				SDKROOT = iphoneos;
				SWIFT_ACTIVE_COMPILATION_CONDITIONS = "DEBUG $(inherited)";
				SWIFT_OPTIMIZATION_LEVEL = "-Onone";
			};
			name = Debug;
		};
		C754D2AB2BAD809400DAC4F8 /* Release */ = {
			isa = XCBuildConfiguration;
			buildSettings = {
				ALWAYS_SEARCH_USER_PATHS = NO;
				ASSETCATALOG_COMPILER_GENERATE_SWIFT_ASSET_SYMBOL_EXTENSIONS = YES;
				CLANG_ANALYZER_NONNULL = YES;
				CLANG_ANALYZER_NUMBER_OBJECT_CONVERSION = YES_AGGRESSIVE;
				CLANG_CXX_LANGUAGE_STANDARD = "gnu++20";
				CLANG_ENABLE_MODULES = YES;
				CLANG_ENABLE_OBJC_ARC = YES;
				CLANG_ENABLE_OBJC_WEAK = YES;
				CLANG_WARN_BLOCK_CAPTURE_AUTORELEASING = YES;
				CLANG_WARN_BOOL_CONVERSION = YES;
				CLANG_WARN_COMMA = YES;
				CLANG_WARN_CONSTANT_CONVERSION = YES;
				CLANG_WARN_DEPRECATED_OBJC_IMPLEMENTATIONS = YES;
				CLANG_WARN_DIRECT_OBJC_ISA_USAGE = YES_ERROR;
				CLANG_WARN_DOCUMENTATION_COMMENTS = YES;
				CLANG_WARN_EMPTY_BODY = YES;
				CLANG_WARN_ENUM_CONVERSION = YES;
				CLANG_WARN_INFINITE_RECURSION = YES;
				CLANG_WARN_INT_CONVERSION = YES;
				CLANG_WARN_NON_LITERAL_NULL_CONVERSION = YES;
				CLANG_WARN_OBJC_IMPLICIT_RETAIN_SELF = YES;
				CLANG_WARN_OBJC_LITERAL_CONVERSION = YES;
				CLANG_WARN_OBJC_ROOT_CLASS = YES_ERROR;
				CLANG_WARN_QUOTED_INCLUDE_IN_FRAMEWORK_HEADER = YES;
				CLANG_WARN_RANGE_LOOP_ANALYSIS = YES;
				CLANG_WARN_STRICT_PROTOTYPES = YES;
				CLANG_WARN_SUSPICIOUS_MOVE = YES;
				CLANG_WARN_UNGUARDED_AVAILABILITY = YES_AGGRESSIVE;
				CLANG_WARN_UNREACHABLE_CODE = YES;
				CLANG_WARN__DUPLICATE_METHOD_MATCH = YES;
				COPY_PHASE_STRIP = NO;
				DEBUG_INFORMATION_FORMAT = "dwarf-with-dsym";
				ENABLE_NS_ASSERTIONS = NO;
				ENABLE_STRICT_OBJC_MSGSEND = YES;
				ENABLE_USER_SCRIPT_SANDBOXING = YES;
				GCC_C_LANGUAGE_STANDARD = gnu17;
				GCC_NO_COMMON_BLOCKS = YES;
				GCC_WARN_64_TO_32_BIT_CONVERSION = YES;
				GCC_WARN_ABOUT_RETURN_TYPE = YES_ERROR;
				GCC_WARN_UNDECLARED_SELECTOR = YES;
				GCC_WARN_UNINITIALIZED_AUTOS = YES_AGGRESSIVE;
				GCC_WARN_UNUSED_FUNCTION = YES;
				GCC_WARN_UNUSED_VARIABLE = YES;
				IPHONEOS_DEPLOYMENT_TARGET = 17.4;
				LOCALIZATION_PREFERS_STRING_CATALOGS = YES;
				MTL_ENABLE_DEBUG_INFO = NO;
				MTL_FAST_MATH = YES;
				SDKROOT = iphoneos;
				SWIFT_COMPILATION_MODE = wholemodule;
				VALIDATE_PRODUCT = YES;
			};
			name = Release;
		};
		C754D2AD2BAD809400DAC4F8 /* Debug */ = {
			isa = XCBuildConfiguration;
			buildSettings = {
				ASSETCATALOG_COMPILER_APPICON_NAME = AppIcon;
				ASSETCATALOG_COMPILER_GLOBAL_ACCENT_COLOR_NAME = AccentColor;
				CODE_SIGN_STYLE = Automatic;
				CURRENT_PROJECT_VERSION = 1;
				DEVELOPMENT_TEAM = U5U8485L4C;
				GENERATE_INFOPLIST_FILE = YES;
				INFOPLIST_FILE = VKWeather/Info.plist;
				INFOPLIST_KEY_UIApplicationSupportsIndirectInputEvents = YES;
				INFOPLIST_KEY_UILaunchStoryboardName = LaunchScreen;
				INFOPLIST_KEY_UISupportedInterfaceOrientations = UIInterfaceOrientationPortrait;
				INFOPLIST_KEY_UISupportedInterfaceOrientations_iPad = "UIInterfaceOrientationLandscapeLeft UIInterfaceOrientationLandscapeRight UIInterfaceOrientationPortrait UIInterfaceOrientationPortraitUpsideDown";
				IPHONEOS_DEPLOYMENT_TARGET = 16.0;
				LD_RUNPATH_SEARCH_PATHS = (
					"$(inherited)",
					"@executable_path/Frameworks",
				);
				MARKETING_VERSION = 1.0;
				PRODUCT_BUNDLE_IDENTIFIER = IlyaPavl.VKWeather;
				PRODUCT_NAME = "$(TARGET_NAME)";
				SUPPORTED_PLATFORMS = "iphoneos iphonesimulator";
				SUPPORTS_MACCATALYST = NO;
				SUPPORTS_MAC_DESIGNED_FOR_IPHONE_IPAD = NO;
				SUPPORTS_XR_DESIGNED_FOR_IPHONE_IPAD = NO;
				SWIFT_EMIT_LOC_STRINGS = YES;
				SWIFT_VERSION = 5.0;
				TARGETED_DEVICE_FAMILY = 1;
			};
			name = Debug;
		};
		C754D2AE2BAD809400DAC4F8 /* Release */ = {
			isa = XCBuildConfiguration;
			buildSettings = {
				ASSETCATALOG_COMPILER_APPICON_NAME = AppIcon;
				ASSETCATALOG_COMPILER_GLOBAL_ACCENT_COLOR_NAME = AccentColor;
				CODE_SIGN_STYLE = Automatic;
				CURRENT_PROJECT_VERSION = 1;
				DEVELOPMENT_TEAM = U5U8485L4C;
				GENERATE_INFOPLIST_FILE = YES;
				INFOPLIST_FILE = VKWeather/Info.plist;
				INFOPLIST_KEY_UIApplicationSupportsIndirectInputEvents = YES;
				INFOPLIST_KEY_UILaunchStoryboardName = LaunchScreen;
				INFOPLIST_KEY_UISupportedInterfaceOrientations = UIInterfaceOrientationPortrait;
				INFOPLIST_KEY_UISupportedInterfaceOrientations_iPad = "UIInterfaceOrientationLandscapeLeft UIInterfaceOrientationLandscapeRight UIInterfaceOrientationPortrait UIInterfaceOrientationPortraitUpsideDown";
				IPHONEOS_DEPLOYMENT_TARGET = 16.0;
				LD_RUNPATH_SEARCH_PATHS = (
					"$(inherited)",
					"@executable_path/Frameworks",
				);
				MARKETING_VERSION = 1.0;
				PRODUCT_BUNDLE_IDENTIFIER = IlyaPavl.VKWeather;
				PRODUCT_NAME = "$(TARGET_NAME)";
				SUPPORTED_PLATFORMS = "iphoneos iphonesimulator";
				SUPPORTS_MACCATALYST = NO;
				SUPPORTS_MAC_DESIGNED_FOR_IPHONE_IPAD = NO;
				SUPPORTS_XR_DESIGNED_FOR_IPHONE_IPAD = NO;
				SWIFT_EMIT_LOC_STRINGS = YES;
				SWIFT_VERSION = 5.0;
				TARGETED_DEVICE_FAMILY = 1;
			};
			name = Release;
		};
/* End XCBuildConfiguration section */

/* Begin XCConfigurationList section */
		C754D2932BAD809300DAC4F8 /* Build configuration list for PBXProject "VKWeather" */ = {
			isa = XCConfigurationList;
			buildConfigurations = (
				C754D2AA2BAD809400DAC4F8 /* Debug */,
				C754D2AB2BAD809400DAC4F8 /* Release */,
			);
			defaultConfigurationIsVisible = 0;
			defaultConfigurationName = Release;
		};
		C754D2AC2BAD809400DAC4F8 /* Build configuration list for PBXNativeTarget "VKWeather" */ = {
			isa = XCConfigurationList;
			buildConfigurations = (
				C754D2AD2BAD809400DAC4F8 /* Debug */,
				C754D2AE2BAD809400DAC4F8 /* Release */,
			);
			defaultConfigurationIsVisible = 0;
			defaultConfigurationName = Release;
		};
/* End XCConfigurationList section */
	};
	rootObject = C754D2902BAD809300DAC4F8 /* Project object */;
}
